{"is_source_file": false, "format": "", "description": "", "external_files": [], "external_methods": [], "published": [], "classes": [], "methods": [], "calls": [], "search-terms": [], "state": 2, "file_id": 22, "knowledge_revision": 47, "git_revision": "08c70b414f87d81123d2a15bf7cb47681445ac92", "hash": "e9b4c3b42cef0193b7fddb548d37e652", "format-version": 4, "code-base-name": "default", "filename": "resume_api_backend_workspace/resume_api_backend/post_process_status.lock", "revision_history": [{"47": "08c70b414f87d81123d2a15bf7cb47681445ac92"}]}